{
  "name": "beziercps",
  "version": "1.0.0",
  "lockfileVersion": 1,
  "requires": true,
  "dependencies": {
    "@satachito/curve_fit": {
      "version": "1.0.2",
      "resolved": "https://registry.npmjs.org/@satachito/curve_fit/-/curve_fit-1.0.2.tgz",
      "integrity": "sha512-k0gKxxpjSSvlp+T6msL2SdYIcZpRNKy0SJ4pJpyDfLOC5IPspg59GMPDRd7Gts8BP+27YqQDrX2gdV1SiZYs2g=="
    }
  }
}
